// !$*UTF8*$!
{
	archiveVersion = 1;
	classes = {
	};
	objectVersion = 50;
	objects = {

/* Begin PBXBuildFile section */
		C36E83232493235900E10942 /* AppDelegate.swift in Sources */ = {isa = PBXBuildFile; fileRef = C36E83222493235900E10942 /* AppDelegate.swift */; };
		C36E83252493235900E10942 /* SceneDelegate.swift in Sources */ = {isa = PBXBuildFile; fileRef = C36E83242493235900E10942 /* SceneDelegate.swift */; };
		C36E83272493235900E10942 /* MainBellViewController.swift in Sources */ = {isa = PBXBuildFile; fileRef = C36E83262493235900E10942 /* MainBellViewController.swift */; };
		C36E832A2493235900E10942 /* Main.storyboard in Resources */ = {isa = PBXBuildFile; fileRef = C36E83282493235900E10942 /* Main.storyboard */; };
		C36E832C2493235A00E10942 /* Assets.xcassets in Resources */ = {isa = PBXBuildFile; fileRef = C36E832B2493235A00E10942 /* Assets.xcassets */; };
		C36E832F2493235A00E10942 /* LaunchScreen.storyboard in Resources */ = {isa = PBXBuildFile; fileRef = C36E832D2493235A00E10942 /* LaunchScreen.storyboard */; };
		C36E833B24932E3700E10942 /* ConsoleBellRingTableViewController.swift in Sources */ = {isa = PBXBuildFile; fileRef = C36E833A24932E3700E10942 /* ConsoleBellRingTableViewController.swift */; };
		C36E833D2493321700E10942 /* ConsoleRingModel.swift in Sources */ = {isa = PBXBuildFile; fileRef = C36E833C2493321700E10942 /* ConsoleRingModel.swift */; };
		C36E833F249333DA00E10942 /* bell.wav in Resources */ = {isa = PBXBuildFile; fileRef = C36E833E249333DA00E10942 /* bell.wav */; };
		C36E83412493340300E10942 /* AudioPlayer.swift in Sources */ = {isa = PBXBuildFile; fileRef = C36E83402493340300E10942 /* AudioPlayer.swift */; };
/* End PBXBuildFile section */

/* Begin PBXFileReference section */
		C36E831F2493235900E10942 /* BellRungApp.app */ = {isa = PBXFileReference; explicitFileType = wrapper.application; includeInIndex = 0; path = BellRungApp.app; sourceTree = BUILT_PRODUCTS_DIR; };
		C36E83222493235900E10942 /* AppDelegate.swift */ = {isa = PBXFileReference; lastKnownFileType = sourcecode.swift; path = AppDelegate.swift; sourceTree = "<group>"; };
		C36E83242493235900E10942 /* SceneDelegate.swift */ = {isa = PBXFileReference; lastKnownFileType = sourcecode.swift; path = SceneDelegate.swift; sourceTree = "<group>"; };
		C36E83262493235900E10942 /* MainBellViewController.swift */ = {isa = PBXFileReference; lastKnownFileType = sourcecode.swift; path = MainBellViewController.swift; sourceTree = "<group>"; };
		C36E83292493235900E10942 /* Base */ = {isa = PBXFileReference; lastKnownFileType = file.storyboard; name = Base; path = Base.lproj/Main.storyboard; sourceTree = "<group>"; };
		C36E832B2493235A00E10942 /* Assets.xcassets */ = {isa = PBXFileReference; lastKnownFileType = folder.assetcatalog; path = Assets.xcassets; sourceTree = "<group>"; };
		C36E832E2493235A00E10942 /* Base */ = {isa = PBXFileReference; lastKnownFileType = file.storyboard; name = Base; path = Base.lproj/LaunchScreen.storyboard; sourceTree = "<group>"; };
		C36E83302493235A00E10942 /* Info.plist */ = {isa = PBXFileReference; lastKnownFileType = text.plist.xml; path = Info.plist; sourceTree = "<group>"; };
		C36E833A24932E3700E10942 /* ConsoleBellRingTableViewController.swift */ = {isa = PBXFileReference; lastKnownFileType = sourcecode.swift; path = ConsoleBellRingTableViewController.swift; sourceTree = "<group>"; };
		C36E833C2493321700E10942 /* ConsoleRingModel.swift */ = {isa = PBXFileReference; lastKnownFileType = sourcecode.swift; path = ConsoleRingModel.swift; sourceTree = "<group>"; };
		C36E833E249333DA00E10942 /* bell.wav */ = {isa = PBXFileReference; lastKnownFileType = audio.wav; path = bell.wav; sourceTree = "<group>"; };
		C36E83402493340300E10942 /* AudioPlayer.swift */ = {isa = PBXFileReference; lastKnownFileType = sourcecode.swift; path = AudioPlayer.swift; sourceTree = "<group>"; };
/* End PBXFileReference section */

/* Begin PBXFrameworksBuildPhase section */
		C36E831C2493235900E10942 /* Frameworks */ = {
			isa = PBXFrameworksBuildPhase;
			buildActionMask = 2147483647;
			files = (
			);
			runOnlyForDeploymentPostprocessing = 0;
		};
/* End PBXFrameworksBuildPhase section */

/* Begin PBXGroup section */
		C36E83162493235900E10942 = {
			isa = PBXGroup;
			children = (
				C36E83212493235900E10942 /* BellRungApp */,
				C36E83202493235900E10942 /* Products */,
			);
			sourceTree = "<group>";
		};
		C36E83202493235900E10942 /* Products */ = {
			isa = PBXGroup;
			children = (
				C36E831F2493235900E10942 /* BellRungApp.app */,
			);
			name = Products;
			sourceTree = "<group>";
		};
		C36E83212493235900E10942 /* BellRungApp */ = {
			isa = PBXGroup;
			children = (
				C36E83222493235900E10942 /* AppDelegate.swift */,
				C36E83242493235900E10942 /* SceneDelegate.swift */,
				C36E83262493235900E10942 /* MainBellViewController.swift */,
				C36E83282493235900E10942 /* Main.storyboard */,
				C36E832B2493235A00E10942 /* Assets.xcassets */,
				C36E832D2493235A00E10942 /* LaunchScreen.storyboard */,
				C36E83302493235A00E10942 /* Info.plist */,
				C36E833A24932E3700E10942 /* ConsoleBellRingTableViewController.swift */,
				C36E833C2493321700E10942 /* ConsoleRingModel.swift */,
				C36E833E249333DA00E10942 /* bell.wav */,
				C36E83402493340300E10942 /* AudioPlayer.swift */,
			);
			path = BellRungApp;
			sourceTree = "<group>";
		};
/* End PBXGroup section */

/* Begin PBXNativeTarget section */
		C36E831E2493235900E10942 /* BellRungApp */ = {
			isa = PBXNativeTarget;
			buildConfigurationList = C36E83332493235A00E10942 /* Build configuration list for PBXNativeTarget "BellRungApp" */;
			buildPhases = (
				C36E831B2493235900E10942 /* Sources */,
				C36E831C2493235900E10942 /* Frameworks */,
				C36E831D2493235900E10942 /* Resources */,
			);
			buildRules = (
			);
			dependencies = (
			);
			name = BellRungApp;
			productName = BellRungApp;
			productReference = C36E831F2493235900E10942 /* BellRungApp.app */;
			productType = "com.apple.product-type.application";
		};
/* End PBXNativeTarget section */

/* Begin PBXProject section */
		C36E83172493235900E10942 /* Project object */ = {
			isa = PBXProject;
			attributes = {
				LastSwiftUpdateCheck = 1130;
				LastUpgradeCheck = 1130;
				ORGANIZATIONNAME = "Jarren Campos";
				TargetAttributes = {
					C36E831E2493235900E10942 = {
						CreatedOnToolsVersion = 11.3.1;
					};
				};
			};
			buildConfigurationList = C36E831A2493235900E10942 /* Build configuration list for PBXProject "BellRungApp" */;
			compatibilityVersion = "Xcode 9.3";
			developmentRegion = en;
			hasScannedForEncodings = 0;
			knownRegions = (
				en,
				Base,
			);
			mainGroup = C36E83162493235900E10942;
			productRefGroup = C36E83202493235900E10942 /* Products */;
			projectDirPath = "";
			projectRoot = "";
			targets = (
				C36E831E2493235900E10942 /* BellRungApp */,
			);
		};
/* End PBXProject section */

/* Begin PBXResourcesBuildPhase section */
		C36E831D2493235900E10942 /* Resources */ = {
			isa = PBXResourcesBuildPhase;
			buildActionMask = 2147483647;
			files = (
				C36E832F2493235A00E10942 /* LaunchScreen.storyboard in Resources */,
				C36E832C2493235A00E10942 /* Assets.xcassets in Resources */,
				C36E832A2493235900E10942 /* Main.storyboard in Resources */,
				C36E833F249333DA00E10942 /* bell.wav in Resources */,
			);
			runOnlyForDeploymentPostprocessing = 0;
		};
/* End PBXResourcesBuildPhase section */

/* Begin PBXSourcesBuildPhase section */
		C36E831B2493235900E10942 /* Sources */ = {
			isa = PBXSourcesBuildPhase;
			buildActionMask = 2147483647;
			files = (
				C36E833B24932E3700E10942 /* ConsoleBellRingTableViewController.swift in Sources */,
				C36E83272493235900E10942 /* MainBellViewController.swift in Sources */,
				C36E83232493235900E10942 /* AppDelegate.swift in Sources */,
				C36E833D2493321700E10942 /* ConsoleRingModel.swift in Sources */,
				C36E83252493235900E10942 /* SceneDelegate.swift in Sources */,
				C36E83412493340300E10942 /* AudioPlayer.swift in Sources */,
			);
			runOnlyForDeploymentPostprocessing = 0;
		};
/* End PBXSourcesBuildPhase section */

/* Begin PBXVariantGroup section */
		C36E83282493235900E10942 /* Main.storyboard */ = {
			isa = PBXVariantGroup;
			children = (
				C36E83292493235900E10942 /* Base */,
			);
			name = Main.storyboard;
			sourceTree = "<group>";
		};
		C36E832D2493235A00E10942 /* LaunchScreen.storyboard */ = {
			isa = PBXVariantGroup;
			children = (
				C36E832E2493235A00E10942 /* Base */,
			);
			name = LaunchScreen.storyboard;
			sourceTree = "<group>";
		};
/* End PBXVariantGroup section */

/* Begin XCBuildConfiguration section */
		C36E83312493235A00E10942 /* Debug */ = {
			isa = XCBuildConfiguration;
			buildSettings = {
				ALWAYS_SEARCH_USER_PATHS = NO;
				CLANG_ANALYZER_NONNULL = YES;
				CLANG_ANALYZER_NUMBER_OBJECT_CONVERSION = YES_AGGRESSIVE;
				CLANG_CXX_LANGUAGE_STANDARD = "gnu++14";
				CLANG_CXX_LIBRARY = "libc++";
				CLANG_ENABLE_MODULES = YES;
				CLANG_ENABLE_OBJC_ARC = YES;
				CLANG_ENABLE_OBJC_WEAK = YES;
				CLANG_WARN_BLOCK_CAPTURE_AUTORELEASING = YES;
				CLANG_WARN_BOOL_CONVERSION = YES;
				CLANG_WARN_COMMA = YES;
				CLANG_WARN_CONSTANT_CONVERSION = YES;
				CLANG_WARN_DEPRECATED_OBJC_IMPLEMENTATIONS = YES;
				CLANG_WARN_DIRECT_OBJC_ISA_USAGE = YES_ERROR;
				CLANG_WARN_DOCUMENTATION_COMMENTS = YES;
				CLANG_WARN_EMPTY_BODY = YES;
				CLANG_WARN_ENUM_CONVERSION = YES;
				CLANG_WARN_INFINITE_RECURSION = YES;
				CLANG_WARN_INT_CONVERSION = YES;
				CLANG_WARN_NON_LITERAL_NULL_CONVERSION = YES;
				CLANG_WARN_OBJC_IMPLICIT_RETAIN_SELF = YES;
				CLANG_WARN_OBJC_LITERAL_CONVERSION = YES;
				CLANG_WARN_OBJC_ROOT_CLASS = YES_ERROR;
				CLANG_WARN_RANGE_LOOP_ANALYSIS = YES;
				CLANG_WARN_STRICT_PROTOTYPES = YES;
				CLANG_WARN_SUSPICIOUS_MOVE = YES;
				CLANG_WARN_UNGUARDED_AVAILABILITY = YES_AGGRESSIVE;
				CLANG_WARN_UNREACHABLE_CODE = YES;
				CLANG_WARN__DUPLICATE_METHOD_MATCH = YES;
				COPY_PHASE_STRIP = NO;
				DEBUG_INFORMATION_FORMAT = dwarf;
				ENABLE_STRICT_OBJC_MSGSEND = YES;
				ENABLE_TESTABILITY = YES;
				GCC_C_LANGUAGE_STANDARD = gnu11;
				GCC_DYNAMIC_NO_PIC = NO;
				GCC_NO_COMMON_BLOCKS = YES;
				GCC_OPTIMIZATION_LEVEL = 0;
				GCC_PREPROCESSOR_DEFINITIONS = (
					"DEBUG=1",
					"$(inherited)",
				);
				GCC_WARN_64_TO_32_BIT_CONVERSION = YES;
				GCC_WARN_ABOUT_RETURN_TYPE = YES_ERROR;
				GCC_WARN_UNDECLARED_SELECTOR = YES;
				GCC_WARN_UNINITIALIZED_AUTOS = YES_AGGRESSIVE;
				GCC_WARN_UNUSED_FUNCTION = YES;
				GCC_WARN_UNUSED_VARIABLE = YES;
				IPHONEOS_DEPLOYMENT_TARGET = 13.2;
				MTL_ENABLE_DEBUG_INFO = INCLUDE_SOURCE;
				MTL_FAST_MATH = YES;
				ONLY_ACTIVE_ARCH = YES;
				SDKROOT = iphoneos;
				SWIFT_ACTIVE_COMPILATION_CONDITIONS = DEBUG;
				SWIFT_OPTIMIZATION_LEVEL = "-Onone";
			};
			name = Debug;
		};
		C36E83322493235A00E10942 /* Release */ = {
			isa = XCBuildConfiguration;
			buildSettings = {
				ALWAYS_SEARCH_USER_PATHS = NO;
				CLANG_ANALYZER_NONNULL = YES;
				CLANG_ANALYZER_NUMBER_OBJECT_CONVERSION = YES_AGGRESSIVE;
				CLANG_CXX_LANGUAGE_STANDARD = "gnu++14";
				CLANG_CXX_LIBRARY = "libc++";
				CLANG_ENABLE_MODULES = YES;
				CLANG_ENABLE_OBJC_ARC = YES;
				CLANG_ENABLE_OBJC_WEAK = YES;
				CLANG_WARN_BLOCK_CAPTURE_AUTORELEASING = YES;
				CLANG_WARN_BOOL_CONVERSION = YES;
				CLANG_WARN_COMMA = YES;
				CLANG_WARN_CONSTANT_CONVERSION = YES;
				CLANG_WARN_DEPRECATED_OBJC_IMPLEMENTATIONS = YES;
				CLANG_WARN_DIRECT_OBJC_ISA_USAGE = YES_ERROR;
				CLANG_WARN_DOCUMENTATION_COMMENTS = YES;
				CLANG_WARN_EMPTY_BODY = YES;
				CLANG_WARN_ENUM_CONVERSION = YES;
				CLANG_WARN_INFINITE_RECURSION = YES;
				CLANG_WARN_INT_CONVERSION = YES;
				CLANG_WARN_NON_LITERAL_NULL_CONVERSION = YES;
				CLANG_WARN_OBJC_IMPLICIT_RETAIN_SELF = YES;
				CLANG_WARN_OBJC_LITERAL_CONVERSION = YES;
				CLANG_WARN_OBJC_ROOT_CLASS = YES_ERROR;
				CLANG_WARN_RANGE_LOOP_ANALYSIS = YES;
				CLANG_WARN_STRICT_PROTOTYPES = YES;
				CLANG_WARN_SUSPICIOUS_MOVE = YES;
				CLANG_WARN_UNGUARDED_AVAILABILITY = YES_AGGRESSIVE;
				CLANG_WARN_UNREACHABLE_CODE = YES;
				CLANG_WARN__DUPLICATE_METHOD_MATCH = YES;
				COPY_PHASE_STRIP = NO;
				DEBUG_INFORMATION_FORMAT = "dwarf-with-dsym";
				ENABLE_NS_ASSERTIONS = NO;
				ENABLE_STRICT_OBJC_MSGSEND = YES;
				GCC_C_LANGUAGE_STANDARD = gnu11;
				GCC_NO_COMMON_BLOCKS = YES;
				GCC_WARN_64_TO_32_BIT_CONVERSION = YES;
				GCC_WARN_ABOUT_RETURN_TYPE = YES_ERROR;
				GCC_WARN_UNDECLARED_SELECTOR = YES;
				GCC_WARN_UNINITIALIZED_AUTOS = YES_AGGRESSIVE;
				GCC_WARN_UNUSED_FUNCTION = YES;
				GCC_WARN_UNUSED_VARIABLE = YES;
				IPHONEOS_DEPLOYMENT_TARGET = 13.2;
				MTL_ENABLE_DEBUG_INFO = NO;
				MTL_FAST_MATH = YES;
				SDKROOT = iphoneos;
				SWIFT_COMPILATION_MODE = wholemodule;
				SWIFT_OPTIMIZATION_LEVEL = "-O";
				VALIDATE_PRODUCT = YES;
			};
			name = Release;
		};
		C36E83342493235A00E10942 /* Debug */ = {
			isa = XCBuildConfiguration;
			buildSettings = {
				ASSETCATALOG_COMPILER_APPICON_NAME = AppIcon;
				CODE_SIGN_STYLE = Automatic;
				DEVELOPMENT_TEAM = 6LFYUX3T4B;
				INFOPLIST_FILE = BellRungApp/Info.plist;
				LD_RUNPATH_SEARCH_PATHS = (
					"$(inherited)",
					"@executable_path/Frameworks",
				);
				PRODUCT_BUNDLE_IDENTIFIER = com.jcdev.BellRungApp;
				PRODUCT_NAME = "$(TARGET_NAME)";
				SWIFT_VERSION = 5.0;
				TARGETED_DEVICE_FAMILY = "1,2";
			};
			name = Debug;
		};
		C36E83352493235A00E10942 /* Release */ = {
			isa = XCBuildConfiguration;
			buildSettings = {
				ASSETCATALOG_COMPILER_APPICON_NAME = AppIcon;
				CODE_SIGN_STYLE = Automatic;
				DEVELOPMENT_TEAM = 6LFYUX3T4B;
				INFOPLIST_FILE = BellRungApp/Info.plist;
				LD_RUNPATH_SEARCH_PATHS = (
					"$(inherited)",
					"@executable_path/Frameworks",
				);
				PRODUCT_BUNDLE_IDENTIFIER = com.jcdev.BellRungApp;
				PRODUCT_NAME = "$(TARGET_NAME)";
				SWIFT_VERSION = 5.0;
				TARGETED_DEVICE_FAMILY = "1,2";
			};
			name = Release;
		};
/* End XCBuildConfiguration section */

/* Begin XCConfigurationList section */
		C36E831A2493235900E10942 /* Build configuration list for PBXProject "BellRungApp" */ = {
			isa = XCConfigurationList;
			buildConfigurations = (
				C36E83312493235A00E10942 /* Debug */,
				C36E83322493235A00E10942 /* Release */,
			);
			defaultConfigurationIsVisible = 0;
			defaultConfigurationName = Release;
		};
		C36E83332493235A00E10942 /* Build configuration list for PBXNativeTarget "BellRungApp" */ = {
			isa = XCConfigurationList;
			buildConfigurations = (
				C36E83342493235A00E10942 /* Debug */,
				C36E83352493235A00E10942 /* Release */,
			);
			defaultConfigurationIsVisible = 0;
			defaultConfigurationName = Release;
		};
/* End XCConfigurationList section */
	};
	rootObject = C36E83172493235900E10942 /* Project object */;
}
